
Microsoft Visual Studio Solution File, Format Version 12.00
# Visual Studio Version 17
VisualStudioVersion = 17.11.35327.3
MinimumVisualStudioVersion = 10.0.40219.1
Project("{8BC9CEB8-8B4A-11D0-8D11-00A0C91BC942}") = "Hello World", "Hello World\Hello World.vcxproj", "{5AA14576-CC75-44E7-865A-FB85746886C2}"
EndProject
Project("{8BC9CEB8-8B4A-11D0-8D11-00A0C91BC942}") = "IO", "IO\IO.vcxproj", "{2C408071-C904-440B-A857-2D5AFF4F54EC}"
EndProject
Project("{8BC9CEB8-8B4A-11D0-8D11-00A0C91BC942}") = "Build Process", "Build Process\Build Process.vcxproj", "{0D467075-EF98-46C7-BF81-01ABF69D6B3F}"
EndProject
Project("{8BC9CEB8-8B4A-11D0-8D11-00A0C91BC942}") = "Integrals", "Integrals\Integrals.vcxproj", "{517C79ED-A4B7-4B1B-98BA-CBF7C01CAC3D}"
EndProject
Project("{8BC9CEB8-8B4A-11D0-8D11-00A0C91BC942}") = "Booleans", "Booleans\Booleans.vcxproj", "{C6437BE7-E9F3-41CD-A482-62DC6815C479}"
EndProject
Project("{8BC9CEB8-8B4A-11D0-8D11-00A0C91BC942}") = "Floats", "Floats\Floats.vcxproj", "{3998D483-B41D-4E85-9034-8F7001DB32A2}"
EndProject
Project("{8BC9CEB8-8B4A-11D0-8D11-00A0C91BC942}") = "Characters", "Characters\Characters.vcxproj", "{5486EA9A-CF61-43B3-8248-AE6E6D55C3E9}"
EndProject
Project("{8BC9CEB8-8B4A-11D0-8D11-00A0C91BC942}") = "Enums", "Enums\Enums.vcxproj", "{C3E9E5E0-D34B-49A9-BE05-1C4D08E880B7}"
EndProject
Project("{8BC9CEB8-8B4A-11D0-8D11-00A0C91BC942}") = "Auto", "Auto\Auto.vcxproj", "{10994736-F645-490C-8D0E-4BB566898123}"
EndProject
Project("{8BC9CEB8-8B4A-11D0-8D11-00A0C91BC942}") = "Type Conversion", "Type Conversion\Type Conversion.vcxproj", "{CF07BE27-E41D-477E-BBB6-1DBA83ED9712}"
EndProject
Project("{8BC9CEB8-8B4A-11D0-8D11-00A0C91BC942}") = "Pointers", "Pointers\Pointers.vcxproj", "{74D1D527-14AC-460D-8EBE-E2EE1FAE18B3}"
EndProject
Project("{8BC9CEB8-8B4A-11D0-8D11-00A0C91BC942}") = "Arrays", "Arrays\Arrays.vcxproj", "{FE9B9943-0A1E-4A80-A8B1-8289E3084124}"
EndProject
Project("{8BC9CEB8-8B4A-11D0-8D11-00A0C91BC942}") = "Shared Pointers", "Shared Pointers\Shared Pointers.vcxproj", "{B7243CEE-16DE-4667-BBD8-CD268157398F}"
EndProject
Project("{8BC9CEB8-8B4A-11D0-8D11-00A0C91BC942}") = "Operators", "Operators\Operators.vcxproj", "{84A0101D-D711-4382-9F77-AA9344AE498A}"
EndProject
Project("{8BC9CEB8-8B4A-11D0-8D11-00A0C91BC942}") = "Bitwise Operators", "Bitwise Operators\Bitwise Operators.vcxproj", "{96AE4810-3519-4B2D-AEB8-A0B47C6FCEBF}"
EndProject
Project("{8BC9CEB8-8B4A-11D0-8D11-00A0C91BC942}") = "Flow Control", "Flow Control\Flow Control.vcxproj", "{D1AF3825-7600-4D5D-B6B8-F7FA578AD35F}"
EndProject
Project("{8BC9CEB8-8B4A-11D0-8D11-00A0C91BC942}") = "Functions", "Functions\Functions.vcxproj", "{756BCBFF-6BEB-4F47-B23C-E336ECAD4FB6}"
EndProject
Project("{8BC9CEB8-8B4A-11D0-8D11-00A0C91BC942}") = "Function Templates", "Function Templates\Function Templates.vcxproj", "{562022F5-00F7-44D4-A172-BD922BA66E64}"
EndProject
Project("{8BC9CEB8-8B4A-11D0-8D11-00A0C91BC942}") = "Lambdas", "Lambdas\Lambdas.vcxproj", "{71882AC2-2B56-4736-ABDC-E9CDD21F47B6}"
EndProject
Project("{8BC9CEB8-8B4A-11D0-8D11-00A0C91BC942}") = "Classes", "Classes\Classes.vcxproj", "{E6385C91-BAAF-46C5-AAB7-B0FDE2458837}"
EndProject
Project("{8BC9CEB8-8B4A-11D0-8D11-00A0C91BC942}") = "Operator Overloading", "Operator Overloading\Operator Overloading.vcxproj", "{3E67C4FC-9CB6-486E-A3DA-55A8AEFBEFF7}"
EndProject
Project("{8BC9CEB8-8B4A-11D0-8D11-00A0C91BC942}") = "User Defined Literal Suffix", "User Defined Literal Suffix\User Defined Literal Suffix.vcxproj", "{ABF6A21A-0154-4E03-A639-5DFC35F0552E}"
EndProject
Project("{8BC9CEB8-8B4A-11D0-8D11-00A0C91BC942}") = "Class Templates", "Class Templates\Class Templates.vcxproj", "{FC3890AA-7416-41A3-9DB2-63256BA1BECC}"
EndProject
Project("{8BC9CEB8-8B4A-11D0-8D11-00A0C91BC942}") = "Move Semantics", "Move Semantics\Move Semantics.vcxproj", "{F48CC9F2-4322-4D27-B66B-870372C400AC}"
EndProject
Project("{8BC9CEB8-8B4A-11D0-8D11-00A0C91BC942}") = "File IO", "File IO\File IO.vcxproj", "{91A63FDF-7DF4-4D0F-ACA5-6E77B10EBEC0}"
EndProject
Project("{8BC9CEB8-8B4A-11D0-8D11-00A0C91BC942}") = "Traditional Error Handling", "Traditional Error Handling\Traditional Error Handling.vcxproj", "{835B50A1-DD1C-455C-8CB7-660BED324949}"
EndProject
Project("{8BC9CEB8-8B4A-11D0-8D11-00A0C91BC942}") = "Exceptions", "Exceptions\Exceptions.vcxproj", "{63A6B6E2-AADD-4BA5-9D66-5827CCCE506A}"
EndProject
Project("{8BC9CEB8-8B4A-11D0-8D11-00A0C91BC942}") = "Advanced Exceptions", "Advanced Exceptions\Advanced Exceptions.vcxproj", "{941933AC-840D-4C2E-A0B1-F354D531747D}"
EndProject
Global
	GlobalSection(SolutionConfigurationPlatforms) = preSolution
		Debug|x64 = Debug|x64
		Debug|x86 = Debug|x86
		Release|x64 = Release|x64
		Release|x86 = Release|x86
	EndGlobalSection
	GlobalSection(ProjectConfigurationPlatforms) = postSolution
		{5AA14576-CC75-44E7-865A-FB85746886C2}.Debug|x64.ActiveCfg = Debug|x64
		{5AA14576-CC75-44E7-865A-FB85746886C2}.Debug|x64.Build.0 = Debug|x64
		{5AA14576-CC75-44E7-865A-FB85746886C2}.Debug|x86.ActiveCfg = Debug|Win32
		{5AA14576-CC75-44E7-865A-FB85746886C2}.Debug|x86.Build.0 = Debug|Win32
		{5AA14576-CC75-44E7-865A-FB85746886C2}.Release|x64.ActiveCfg = Release|x64
		{5AA14576-CC75-44E7-865A-FB85746886C2}.Release|x64.Build.0 = Release|x64
		{5AA14576-CC75-44E7-865A-FB85746886C2}.Release|x86.ActiveCfg = Release|Win32
		{5AA14576-CC75-44E7-865A-FB85746886C2}.Release|x86.Build.0 = Release|Win32
		{2C408071-C904-440B-A857-2D5AFF4F54EC}.Debug|x64.ActiveCfg = Debug|x64
		{2C408071-C904-440B-A857-2D5AFF4F54EC}.Debug|x64.Build.0 = Debug|x64
		{2C408071-C904-440B-A857-2D5AFF4F54EC}.Debug|x86.ActiveCfg = Debug|Win32
		{2C408071-C904-440B-A857-2D5AFF4F54EC}.Debug|x86.Build.0 = Debug|Win32
		{2C408071-C904-440B-A857-2D5AFF4F54EC}.Release|x64.ActiveCfg = Release|x64
		{2C408071-C904-440B-A857-2D5AFF4F54EC}.Release|x64.Build.0 = Release|x64
		{2C408071-C904-440B-A857-2D5AFF4F54EC}.Release|x86.ActiveCfg = Release|Win32
		{2C408071-C904-440B-A857-2D5AFF4F54EC}.Release|x86.Build.0 = Release|Win32
		{0D467075-EF98-46C7-BF81-01ABF69D6B3F}.Debug|x64.ActiveCfg = Debug|x64
		{0D467075-EF98-46C7-BF81-01ABF69D6B3F}.Debug|x64.Build.0 = Debug|x64
		{0D467075-EF98-46C7-BF81-01ABF69D6B3F}.Debug|x86.ActiveCfg = Debug|Win32
		{0D467075-EF98-46C7-BF81-01ABF69D6B3F}.Debug|x86.Build.0 = Debug|Win32
		{0D467075-EF98-46C7-BF81-01ABF69D6B3F}.Release|x64.ActiveCfg = Release|x64
		{0D467075-EF98-46C7-BF81-01ABF69D6B3F}.Release|x64.Build.0 = Release|x64
		{0D467075-EF98-46C7-BF81-01ABF69D6B3F}.Release|x86.ActiveCfg = Release|Win32
		{0D467075-EF98-46C7-BF81-01ABF69D6B3F}.Release|x86.Build.0 = Release|Win32
		{517C79ED-A4B7-4B1B-98BA-CBF7C01CAC3D}.Debug|x64.ActiveCfg = Debug|x64
		{517C79ED-A4B7-4B1B-98BA-CBF7C01CAC3D}.Debug|x64.Build.0 = Debug|x64
		{517C79ED-A4B7-4B1B-98BA-CBF7C01CAC3D}.Debug|x86.ActiveCfg = Debug|Win32
		{517C79ED-A4B7-4B1B-98BA-CBF7C01CAC3D}.Debug|x86.Build.0 = Debug|Win32
		{517C79ED-A4B7-4B1B-98BA-CBF7C01CAC3D}.Release|x64.ActiveCfg = Release|x64
		{517C79ED-A4B7-4B1B-98BA-CBF7C01CAC3D}.Release|x64.Build.0 = Release|x64
		{517C79ED-A4B7-4B1B-98BA-CBF7C01CAC3D}.Release|x86.ActiveCfg = Release|Win32
		{517C79ED-A4B7-4B1B-98BA-CBF7C01CAC3D}.Release|x86.Build.0 = Release|Win32
		{C6437BE7-E9F3-41CD-A482-62DC6815C479}.Debug|x64.ActiveCfg = Debug|x64
		{C6437BE7-E9F3-41CD-A482-62DC6815C479}.Debug|x64.Build.0 = Debug|x64
		{C6437BE7-E9F3-41CD-A482-62DC6815C479}.Debug|x86.ActiveCfg = Debug|Win32
		{C6437BE7-E9F3-41CD-A482-62DC6815C479}.Debug|x86.Build.0 = Debug|Win32
		{C6437BE7-E9F3-41CD-A482-62DC6815C479}.Release|x64.ActiveCfg = Release|x64
		{C6437BE7-E9F3-41CD-A482-62DC6815C479}.Release|x64.Build.0 = Release|x64
		{C6437BE7-E9F3-41CD-A482-62DC6815C479}.Release|x86.ActiveCfg = Release|Win32
		{C6437BE7-E9F3-41CD-A482-62DC6815C479}.Release|x86.Build.0 = Release|Win32
		{3998D483-B41D-4E85-9034-8F7001DB32A2}.Debug|x64.ActiveCfg = Debug|x64
		{3998D483-B41D-4E85-9034-8F7001DB32A2}.Debug|x64.Build.0 = Debug|x64
		{3998D483-B41D-4E85-9034-8F7001DB32A2}.Debug|x86.ActiveCfg = Debug|Win32
		{3998D483-B41D-4E85-9034-8F7001DB32A2}.Debug|x86.Build.0 = Debug|Win32
		{3998D483-B41D-4E85-9034-8F7001DB32A2}.Release|x64.ActiveCfg = Release|x64
		{3998D483-B41D-4E85-9034-8F7001DB32A2}.Release|x64.Build.0 = Release|x64
		{3998D483-B41D-4E85-9034-8F7001DB32A2}.Release|x86.ActiveCfg = Release|Win32
		{3998D483-B41D-4E85-9034-8F7001DB32A2}.Release|x86.Build.0 = Release|Win32
		{5486EA9A-CF61-43B3-8248-AE6E6D55C3E9}.Debug|x64.ActiveCfg = Debug|x64
		{5486EA9A-CF61-43B3-8248-AE6E6D55C3E9}.Debug|x64.Build.0 = Debug|x64
		{5486EA9A-CF61-43B3-8248-AE6E6D55C3E9}.Debug|x86.ActiveCfg = Debug|Win32
		{5486EA9A-CF61-43B3-8248-AE6E6D55C3E9}.Debug|x86.Build.0 = Debug|Win32
		{5486EA9A-CF61-43B3-8248-AE6E6D55C3E9}.Release|x64.ActiveCfg = Release|x64
		{5486EA9A-CF61-43B3-8248-AE6E6D55C3E9}.Release|x64.Build.0 = Release|x64
		{5486EA9A-CF61-43B3-8248-AE6E6D55C3E9}.Release|x86.ActiveCfg = Release|Win32
		{5486EA9A-CF61-43B3-8248-AE6E6D55C3E9}.Release|x86.Build.0 = Release|Win32
		{C3E9E5E0-D34B-49A9-BE05-1C4D08E880B7}.Debug|x64.ActiveCfg = Debug|x64
		{C3E9E5E0-D34B-49A9-BE05-1C4D08E880B7}.Debug|x64.Build.0 = Debug|x64
		{C3E9E5E0-D34B-49A9-BE05-1C4D08E880B7}.Debug|x86.ActiveCfg = Debug|Win32
		{C3E9E5E0-D34B-49A9-BE05-1C4D08E880B7}.Debug|x86.Build.0 = Debug|Win32
		{C3E9E5E0-D34B-49A9-BE05-1C4D08E880B7}.Release|x64.ActiveCfg = Release|x64
		{C3E9E5E0-D34B-49A9-BE05-1C4D08E880B7}.Release|x64.Build.0 = Release|x64
		{C3E9E5E0-D34B-49A9-BE05-1C4D08E880B7}.Release|x86.ActiveCfg = Release|Win32
		{C3E9E5E0-D34B-49A9-BE05-1C4D08E880B7}.Release|x86.Build.0 = Release|Win32
		{10994736-F645-490C-8D0E-4BB566898123}.Debug|x64.ActiveCfg = Debug|x64
		{10994736-F645-490C-8D0E-4BB566898123}.Debug|x64.Build.0 = Debug|x64
		{10994736-F645-490C-8D0E-4BB566898123}.Debug|x86.ActiveCfg = Debug|Win32
		{10994736-F645-490C-8D0E-4BB566898123}.Debug|x86.Build.0 = Debug|Win32
		{10994736-F645-490C-8D0E-4BB566898123}.Release|x64.ActiveCfg = Release|x64
		{10994736-F645-490C-8D0E-4BB566898123}.Release|x64.Build.0 = Release|x64
		{10994736-F645-490C-8D0E-4BB566898123}.Release|x86.ActiveCfg = Release|Win32
		{10994736-F645-490C-8D0E-4BB566898123}.Release|x86.Build.0 = Release|Win32
		{CF07BE27-E41D-477E-BBB6-1DBA83ED9712}.Debug|x64.ActiveCfg = Debug|x64
		{CF07BE27-E41D-477E-BBB6-1DBA83ED9712}.Debug|x64.Build.0 = Debug|x64
		{CF07BE27-E41D-477E-BBB6-1DBA83ED9712}.Debug|x86.ActiveCfg = Debug|Win32
		{CF07BE27-E41D-477E-BBB6-1DBA83ED9712}.Debug|x86.Build.0 = Debug|Win32
		{CF07BE27-E41D-477E-BBB6-1DBA83ED9712}.Release|x64.ActiveCfg = Release|x64
		{CF07BE27-E41D-477E-BBB6-1DBA83ED9712}.Release|x64.Build.0 = Release|x64
		{CF07BE27-E41D-477E-BBB6-1DBA83ED9712}.Release|x86.ActiveCfg = Release|Win32
		{CF07BE27-E41D-477E-BBB6-1DBA83ED9712}.Release|x86.Build.0 = Release|Win32
		{74D1D527-14AC-460D-8EBE-E2EE1FAE18B3}.Debug|x64.ActiveCfg = Debug|x64
		{74D1D527-14AC-460D-8EBE-E2EE1FAE18B3}.Debug|x64.Build.0 = Debug|x64
		{74D1D527-14AC-460D-8EBE-E2EE1FAE18B3}.Debug|x86.ActiveCfg = Debug|Win32
		{74D1D527-14AC-460D-8EBE-E2EE1FAE18B3}.Debug|x86.Build.0 = Debug|Win32
		{74D1D527-14AC-460D-8EBE-E2EE1FAE18B3}.Release|x64.ActiveCfg = Release|x64
		{74D1D527-14AC-460D-8EBE-E2EE1FAE18B3}.Release|x64.Build.0 = Release|x64
		{74D1D527-14AC-460D-8EBE-E2EE1FAE18B3}.Release|x86.ActiveCfg = Release|Win32
		{74D1D527-14AC-460D-8EBE-E2EE1FAE18B3}.Release|x86.Build.0 = Release|Win32
		{FE9B9943-0A1E-4A80-A8B1-8289E3084124}.Debug|x64.ActiveCfg = Debug|x64
		{FE9B9943-0A1E-4A80-A8B1-8289E3084124}.Debug|x64.Build.0 = Debug|x64
		{FE9B9943-0A1E-4A80-A8B1-8289E3084124}.Debug|x86.ActiveCfg = Debug|Win32
		{FE9B9943-0A1E-4A80-A8B1-8289E3084124}.Debug|x86.Build.0 = Debug|Win32
		{FE9B9943-0A1E-4A80-A8B1-8289E3084124}.Release|x64.ActiveCfg = Release|x64
		{FE9B9943-0A1E-4A80-A8B1-8289E3084124}.Release|x64.Build.0 = Release|x64
		{FE9B9943-0A1E-4A80-A8B1-8289E3084124}.Release|x86.ActiveCfg = Release|Win32
		{FE9B9943-0A1E-4A80-A8B1-8289E3084124}.Release|x86.Build.0 = Release|Win32
		{B7243CEE-16DE-4667-BBD8-CD268157398F}.Debug|x64.ActiveCfg = Debug|x64
		{B7243CEE-16DE-4667-BBD8-CD268157398F}.Debug|x64.Build.0 = Debug|x64
		{B7243CEE-16DE-4667-BBD8-CD268157398F}.Debug|x86.ActiveCfg = Debug|Win32
		{B7243CEE-16DE-4667-BBD8-CD268157398F}.Debug|x86.Build.0 = Debug|Win32
		{B7243CEE-16DE-4667-BBD8-CD268157398F}.Release|x64.ActiveCfg = Release|x64
		{B7243CEE-16DE-4667-BBD8-CD268157398F}.Release|x64.Build.0 = Release|x64
		{B7243CEE-16DE-4667-BBD8-CD268157398F}.Release|x86.ActiveCfg = Release|Win32
		{B7243CEE-16DE-4667-BBD8-CD268157398F}.Release|x86.Build.0 = Release|Win32
		{84A0101D-D711-4382-9F77-AA9344AE498A}.Debug|x64.ActiveCfg = Debug|x64
		{84A0101D-D711-4382-9F77-AA9344AE498A}.Debug|x64.Build.0 = Debug|x64
		{84A0101D-D711-4382-9F77-AA9344AE498A}.Debug|x86.ActiveCfg = Debug|Win32
		{84A0101D-D711-4382-9F77-AA9344AE498A}.Debug|x86.Build.0 = Debug|Win32
		{84A0101D-D711-4382-9F77-AA9344AE498A}.Release|x64.ActiveCfg = Release|x64
		{84A0101D-D711-4382-9F77-AA9344AE498A}.Release|x64.Build.0 = Release|x64
		{84A0101D-D711-4382-9F77-AA9344AE498A}.Release|x86.ActiveCfg = Release|Win32
		{84A0101D-D711-4382-9F77-AA9344AE498A}.Release|x86.Build.0 = Release|Win32
		{96AE4810-3519-4B2D-AEB8-A0B47C6FCEBF}.Debug|x64.ActiveCfg = Debug|x64
		{96AE4810-3519-4B2D-AEB8-A0B47C6FCEBF}.Debug|x64.Build.0 = Debug|x64
		{96AE4810-3519-4B2D-AEB8-A0B47C6FCEBF}.Debug|x86.ActiveCfg = Debug|Win32
		{96AE4810-3519-4B2D-AEB8-A0B47C6FCEBF}.Debug|x86.Build.0 = Debug|Win32
		{96AE4810-3519-4B2D-AEB8-A0B47C6FCEBF}.Release|x64.ActiveCfg = Release|x64
		{96AE4810-3519-4B2D-AEB8-A0B47C6FCEBF}.Release|x64.Build.0 = Release|x64
		{96AE4810-3519-4B2D-AEB8-A0B47C6FCEBF}.Release|x86.ActiveCfg = Release|Win32
		{96AE4810-3519-4B2D-AEB8-A0B47C6FCEBF}.Release|x86.Build.0 = Release|Win32
		{D1AF3825-7600-4D5D-B6B8-F7FA578AD35F}.Debug|x64.ActiveCfg = Debug|x64
		{D1AF3825-7600-4D5D-B6B8-F7FA578AD35F}.Debug|x64.Build.0 = Debug|x64
		{D1AF3825-7600-4D5D-B6B8-F7FA578AD35F}.Debug|x86.ActiveCfg = Debug|Win32
		{D1AF3825-7600-4D5D-B6B8-F7FA578AD35F}.Debug|x86.Build.0 = Debug|Win32
		{D1AF3825-7600-4D5D-B6B8-F7FA578AD35F}.Release|x64.ActiveCfg = Release|x64
		{D1AF3825-7600-4D5D-B6B8-F7FA578AD35F}.Release|x64.Build.0 = Release|x64
		{D1AF3825-7600-4D5D-B6B8-F7FA578AD35F}.Release|x86.ActiveCfg = Release|Win32
		{D1AF3825-7600-4D5D-B6B8-F7FA578AD35F}.Release|x86.Build.0 = Release|Win32
		{756BCBFF-6BEB-4F47-B23C-E336ECAD4FB6}.Debug|x64.ActiveCfg = Debug|x64
		{756BCBFF-6BEB-4F47-B23C-E336ECAD4FB6}.Debug|x64.Build.0 = Debug|x64
		{756BCBFF-6BEB-4F47-B23C-E336ECAD4FB6}.Debug|x86.ActiveCfg = Debug|Win32
		{756BCBFF-6BEB-4F47-B23C-E336ECAD4FB6}.Debug|x86.Build.0 = Debug|Win32
		{756BCBFF-6BEB-4F47-B23C-E336ECAD4FB6}.Release|x64.ActiveCfg = Release|x64
		{756BCBFF-6BEB-4F47-B23C-E336ECAD4FB6}.Release|x64.Build.0 = Release|x64
		{756BCBFF-6BEB-4F47-B23C-E336ECAD4FB6}.Release|x86.ActiveCfg = Release|Win32
		{756BCBFF-6BEB-4F47-B23C-E336ECAD4FB6}.Release|x86.Build.0 = Release|Win32
		{562022F5-00F7-44D4-A172-BD922BA66E64}.Debug|x64.ActiveCfg = Debug|x64
		{562022F5-00F7-44D4-A172-BD922BA66E64}.Debug|x64.Build.0 = Debug|x64
		{562022F5-00F7-44D4-A172-BD922BA66E64}.Debug|x86.ActiveCfg = Debug|Win32
		{562022F5-00F7-44D4-A172-BD922BA66E64}.Debug|x86.Build.0 = Debug|Win32
		{562022F5-00F7-44D4-A172-BD922BA66E64}.Release|x64.ActiveCfg = Release|x64
		{562022F5-00F7-44D4-A172-BD922BA66E64}.Release|x64.Build.0 = Release|x64
		{562022F5-00F7-44D4-A172-BD922BA66E64}.Release|x86.ActiveCfg = Release|Win32
		{562022F5-00F7-44D4-A172-BD922BA66E64}.Release|x86.Build.0 = Release|Win32
		{71882AC2-2B56-4736-ABDC-E9CDD21F47B6}.Debug|x64.ActiveCfg = Debug|x64
		{71882AC2-2B56-4736-ABDC-E9CDD21F47B6}.Debug|x64.Build.0 = Debug|x64
		{71882AC2-2B56-4736-ABDC-E9CDD21F47B6}.Debug|x86.ActiveCfg = Debug|Win32
		{71882AC2-2B56-4736-ABDC-E9CDD21F47B6}.Debug|x86.Build.0 = Debug|Win32
		{71882AC2-2B56-4736-ABDC-E9CDD21F47B6}.Release|x64.ActiveCfg = Release|x64
		{71882AC2-2B56-4736-ABDC-E9CDD21F47B6}.Release|x64.Build.0 = Release|x64
		{71882AC2-2B56-4736-ABDC-E9CDD21F47B6}.Release|x86.ActiveCfg = Release|Win32
		{71882AC2-2B56-4736-ABDC-E9CDD21F47B6}.Release|x86.Build.0 = Release|Win32
		{E6385C91-BAAF-46C5-AAB7-B0FDE2458837}.Debug|x64.ActiveCfg = Debug|x64
		{E6385C91-BAAF-46C5-AAB7-B0FDE2458837}.Debug|x64.Build.0 = Debug|x64
		{E6385C91-BAAF-46C5-AAB7-B0FDE2458837}.Debug|x86.ActiveCfg = Debug|Win32
		{E6385C91-BAAF-46C5-AAB7-B0FDE2458837}.Debug|x86.Build.0 = Debug|Win32
		{E6385C91-BAAF-46C5-AAB7-B0FDE2458837}.Release|x64.ActiveCfg = Release|x64
		{E6385C91-BAAF-46C5-AAB7-B0FDE2458837}.Release|x64.Build.0 = Release|x64
		{E6385C91-BAAF-46C5-AAB7-B0FDE2458837}.Release|x86.ActiveCfg = Release|Win32
		{E6385C91-BAAF-46C5-AAB7-B0FDE2458837}.Release|x86.Build.0 = Release|Win32
		{3E67C4FC-9CB6-486E-A3DA-55A8AEFBEFF7}.Debug|x64.ActiveCfg = Debug|x64
		{3E67C4FC-9CB6-486E-A3DA-55A8AEFBEFF7}.Debug|x64.Build.0 = Debug|x64
		{3E67C4FC-9CB6-486E-A3DA-55A8AEFBEFF7}.Debug|x86.ActiveCfg = Debug|Win32
		{3E67C4FC-9CB6-486E-A3DA-55A8AEFBEFF7}.Debug|x86.Build.0 = Debug|Win32
		{3E67C4FC-9CB6-486E-A3DA-55A8AEFBEFF7}.Release|x64.ActiveCfg = Release|x64
		{3E67C4FC-9CB6-486E-A3DA-55A8AEFBEFF7}.Release|x64.Build.0 = Release|x64
		{3E67C4FC-9CB6-486E-A3DA-55A8AEFBEFF7}.Release|x86.ActiveCfg = Release|Win32
		{3E67C4FC-9CB6-486E-A3DA-55A8AEFBEFF7}.Release|x86.Build.0 = Release|Win32
		{ABF6A21A-0154-4E03-A639-5DFC35F0552E}.Debug|x64.ActiveCfg = Debug|x64
		{ABF6A21A-0154-4E03-A639-5DFC35F0552E}.Debug|x64.Build.0 = Debug|x64
		{ABF6A21A-0154-4E03-A639-5DFC35F0552E}.Debug|x86.ActiveCfg = Debug|Win32
		{ABF6A21A-0154-4E03-A639-5DFC35F0552E}.Debug|x86.Build.0 = Debug|Win32
		{ABF6A21A-0154-4E03-A639-5DFC35F0552E}.Release|x64.ActiveCfg = Release|x64
		{ABF6A21A-0154-4E03-A639-5DFC35F0552E}.Release|x64.Build.0 = Release|x64
		{ABF6A21A-0154-4E03-A639-5DFC35F0552E}.Release|x86.ActiveCfg = Release|Win32
		{ABF6A21A-0154-4E03-A639-5DFC35F0552E}.Release|x86.Build.0 = Release|Win32
		{FC3890AA-7416-41A3-9DB2-63256BA1BECC}.Debug|x64.ActiveCfg = Debug|x64
		{FC3890AA-7416-41A3-9DB2-63256BA1BECC}.Debug|x64.Build.0 = Debug|x64
		{FC3890AA-7416-41A3-9DB2-63256BA1BECC}.Debug|x86.ActiveCfg = Debug|Win32
		{FC3890AA-7416-41A3-9DB2-63256BA1BECC}.Debug|x86.Build.0 = Debug|Win32
		{FC3890AA-7416-41A3-9DB2-63256BA1BECC}.Release|x64.ActiveCfg = Release|x64
		{FC3890AA-7416-41A3-9DB2-63256BA1BECC}.Release|x64.Build.0 = Release|x64
		{FC3890AA-7416-41A3-9DB2-63256BA1BECC}.Release|x86.ActiveCfg = Release|Win32
		{FC3890AA-7416-41A3-9DB2-63256BA1BECC}.Release|x86.Build.0 = Release|Win32
		{F48CC9F2-4322-4D27-B66B-870372C400AC}.Debug|x64.ActiveCfg = Debug|x64
		{F48CC9F2-4322-4D27-B66B-870372C400AC}.Debug|x64.Build.0 = Debug|x64
		{F48CC9F2-4322-4D27-B66B-870372C400AC}.Debug|x86.ActiveCfg = Debug|Win32
		{F48CC9F2-4322-4D27-B66B-870372C400AC}.Debug|x86.Build.0 = Debug|Win32
		{F48CC9F2-4322-4D27-B66B-870372C400AC}.Release|x64.ActiveCfg = Release|x64
		{F48CC9F2-4322-4D27-B66B-870372C400AC}.Release|x64.Build.0 = Release|x64
		{F48CC9F2-4322-4D27-B66B-870372C400AC}.Release|x86.ActiveCfg = Release|Win32
		{F48CC9F2-4322-4D27-B66B-870372C400AC}.Release|x86.Build.0 = Release|Win32
		{91A63FDF-7DF4-4D0F-ACA5-6E77B10EBEC0}.Debug|x64.ActiveCfg = Debug|x64
		{91A63FDF-7DF4-4D0F-ACA5-6E77B10EBEC0}.Debug|x64.Build.0 = Debug|x64
		{91A63FDF-7DF4-4D0F-ACA5-6E77B10EBEC0}.Debug|x86.ActiveCfg = Debug|Win32
		{91A63FDF-7DF4-4D0F-ACA5-6E77B10EBEC0}.Debug|x86.Build.0 = Debug|Win32
		{91A63FDF-7DF4-4D0F-ACA5-6E77B10EBEC0}.Release|x64.ActiveCfg = Release|x64
		{91A63FDF-7DF4-4D0F-ACA5-6E77B10EBEC0}.Release|x64.Build.0 = Release|x64
		{91A63FDF-7DF4-4D0F-ACA5-6E77B10EBEC0}.Release|x86.ActiveCfg = Release|Win32
		{91A63FDF-7DF4-4D0F-ACA5-6E77B10EBEC0}.Release|x86.Build.0 = Release|Win32
		{835B50A1-DD1C-455C-8CB7-660BED324949}.Debug|x64.ActiveCfg = Debug|x64
		{835B50A1-DD1C-455C-8CB7-660BED324949}.Debug|x64.Build.0 = Debug|x64
		{835B50A1-DD1C-455C-8CB7-660BED324949}.Debug|x86.ActiveCfg = Debug|Win32
		{835B50A1-DD1C-455C-8CB7-660BED324949}.Debug|x86.Build.0 = Debug|Win32
		{835B50A1-DD1C-455C-8CB7-660BED324949}.Release|x64.ActiveCfg = Release|x64
		{835B50A1-DD1C-455C-8CB7-660BED324949}.Release|x64.Build.0 = Release|x64
		{835B50A1-DD1C-455C-8CB7-660BED324949}.Release|x86.ActiveCfg = Release|Win32
		{835B50A1-DD1C-455C-8CB7-660BED324949}.Release|x86.Build.0 = Release|Win32
		{63A6B6E2-AADD-4BA5-9D66-5827CCCE506A}.Debug|x64.ActiveCfg = Debug|x64
		{63A6B6E2-AADD-4BA5-9D66-5827CCCE506A}.Debug|x64.Build.0 = Debug|x64
		{63A6B6E2-AADD-4BA5-9D66-5827CCCE506A}.Debug|x86.ActiveCfg = Debug|Win32
		{63A6B6E2-AADD-4BA5-9D66-5827CCCE506A}.Debug|x86.Build.0 = Debug|Win32
		{63A6B6E2-AADD-4BA5-9D66-5827CCCE506A}.Release|x64.ActiveCfg = Release|x64
		{63A6B6E2-AADD-4BA5-9D66-5827CCCE506A}.Release|x64.Build.0 = Release|x64
		{63A6B6E2-AADD-4BA5-9D66-5827CCCE506A}.Release|x86.ActiveCfg = Release|Win32
		{63A6B6E2-AADD-4BA5-9D66-5827CCCE506A}.Release|x86.Build.0 = Release|Win32
		{941933AC-840D-4C2E-A0B1-F354D531747D}.Debug|x64.ActiveCfg = Debug|x64
		{941933AC-840D-4C2E-A0B1-F354D531747D}.Debug|x64.Build.0 = Debug|x64
		{941933AC-840D-4C2E-A0B1-F354D531747D}.Debug|x86.ActiveCfg = Debug|Win32
		{941933AC-840D-4C2E-A0B1-F354D531747D}.Debug|x86.Build.0 = Debug|Win32
		{941933AC-840D-4C2E-A0B1-F354D531747D}.Release|x64.ActiveCfg = Release|x64
		{941933AC-840D-4C2E-A0B1-F354D531747D}.Release|x64.Build.0 = Release|x64
		{941933AC-840D-4C2E-A0B1-F354D531747D}.Release|x86.ActiveCfg = Release|Win32
		{941933AC-840D-4C2E-A0B1-F354D531747D}.Release|x86.Build.0 = Release|Win32
	EndGlobalSection
	GlobalSection(SolutionProperties) = preSolution
		HideSolutionNode = FALSE
	EndGlobalSection
	GlobalSection(ExtensibilityGlobals) = postSolution
		SolutionGuid = {DD2A502F-0F35-4994-B6D7-8B2A272F2ADB}
	EndGlobalSection
EndGlobal
